
Microsoft Visual Studio Solution File, Format Version 12.00
# Visual Studio Version 17
VisualStudioVersion = 17.3.32929.385
MinimumVisualStudioVersion = 10.0.40219.1
Project("{FAE04EC0-301F-11D3-BF4B-00C04F79EFBC}") = "Influenstar", "Influenstar\Influenstar.csproj", "{4DAF83E9-6236-4376-9B0C-BE1E3F6C07CA}"
EndProject
Global
	GlobalSection(SolutionConfigurationPlatforms) = preSolution
		Debug|Any CPU = Debug|Any CPU
		Release|Any CPU = Release|Any CPU
	EndGlobalSection
	GlobalSection(ProjectConfigurationPlatforms) = postSolution
		{4DAF83E9-6236-4376-9B0C-BE1E3F6C07CA}.Debug|Any CPU.ActiveCfg = Debug|Any CPU
		{4DAF83E9-6236-4376-9B0C-BE1E3F6C07CA}.Debug|Any CPU.Build.0 = Debug|Any CPU
		{4DAF83E9-6236-4376-9B0C-BE1E3F6C07CA}.Release|Any CPU.ActiveCfg = Release|Any CPU
		{4DAF83E9-6236-4376-9B0C-BE1E3F6C07CA}.Release|Any CPU.Build.0 = Release|Any CPU
	EndGlobalSection
	GlobalSection(SolutionProperties) = preSolution
		HideSolutionNode = FALSE
	EndGlobalSection
	GlobalSection(ExtensibilityGlobals) = postSolution
		SolutionGuid = {89D8629F-43B9-48E0-87E3-3599276CCCBB}
	EndGlobalSection
EndGlobal
